
Microsoft Visual Studio Solution File, Format Version 12.00
# Visual Studio Version 17
VisualStudioVersion = 17.2.32602.215
MinimumVisualStudioVersion = 10.0.40219.1
Project("{FAE04EC0-301F-11D3-BF4B-00C04F79EFBC}") = "TestProject", "TestProject\TestProject.csproj", "{5CDDC65B-5BCA-42FD-8725-17A5A55CFA53}"
EndProject
Global
	GlobalSection(SolutionConfigurationPlatforms) = preSolution
		Debug|Any CPU = Debug|Any CPU
		Release|Any CPU = Release|Any CPU
	EndGlobalSection
	GlobalSection(ProjectConfigurationPlatforms) = postSolution
		{5CDDC65B-5BCA-42FD-8725-17A5A55CFA53}.Debug|Any CPU.ActiveCfg = Debug|Any CPU
		{5CDDC65B-5BCA-42FD-8725-17A5A55CFA53}.Debug|Any CPU.Build.0 = Debug|Any CPU
		{5CDDC65B-5BCA-42FD-8725-17A5A55CFA53}.Release|Any CPU.ActiveCfg = Release|Any CPU
		{5CDDC65B-5BCA-42FD-8725-17A5A55CFA53}.Release|Any CPU.Build.0 = Release|Any CPU
	EndGlobalSection
	GlobalSection(SolutionProperties) = preSolution
		HideSolutionNode = FALSE
	EndGlobalSection
	GlobalSection(ExtensibilityGlobals) = postSolution
		SolutionGuid = {0388C68F-7A2A-4DE4-B584-B1459B4C4A86}
	EndGlobalSection
EndGlobal
